
Microsoft Visual Studio Solution File, Format Version 12.00
# Visual Studio Version 16
VisualStudioVersion = 16.0.31727.386
MinimumVisualStudioVersion = 10.0.40219.1
Project("{FAE04EC0-301F-11D3-BF4B-00C04F79EFBC}") = "Problema1", "Tema\Problema1.csproj", "{5271706B-366B-449C-8425-7EED647E894E}"
EndProject
Project("{FAE04EC0-301F-11D3-BF4B-00C04F79EFBC}") = "Problema2", "Problema2\Problema2.csproj", "{27CCA330-F6BE-4FB8-B826-A25ED7466AB2}"
EndProject
Project("{FAE04EC0-301F-11D3-BF4B-00C04F79EFBC}") = "Problema3", "Problema3\Problema3.csproj", "{98931B70-685D-4404-8247-DB6797750E8B}"
EndProject
Project("{FAE04EC0-301F-11D3-BF4B-00C04F79EFBC}") = "Problema4", "Problema4\Problema4.csproj", "{305BEEA9-385D-41D8-923A-6BE38C25A42F}"
EndProject
Project("{FAE04EC0-301F-11D3-BF4B-00C04F79EFBC}") = "Problema5", "Problema5\Problema5.csproj", "{E2395B3C-66B3-44E7-99AB-BC5F2916E022}"
EndProject
Project("{FAE04EC0-301F-11D3-BF4B-00C04F79EFBC}") = "Problema6", "Problema6\Problema6.csproj", "{895F3FDD-6A2E-410F-9D04-5CE841F78069}"
EndProject
Project("{FAE04EC0-301F-11D3-BF4B-00C04F79EFBC}") = "Problema7", "Problema7\Problema7.csproj", "{A8C29F87-C5BE-44F7-8661-ABE0A5ED96FD}"
EndProject
Project("{FAE04EC0-301F-11D3-BF4B-00C04F79EFBC}") = "Problema8", "Problema8\Problema8.csproj", "{F7546F57-EF55-4643-A036-D662C799FD4F}"
EndProject
Project("{FAE04EC0-301F-11D3-BF4B-00C04F79EFBC}") = "Problema9", "Problema9\Problema9.csproj", "{3FA55259-0745-4CDA-B3AA-C1041A5257BA}"
EndProject
Project("{FAE04EC0-301F-11D3-BF4B-00C04F79EFBC}") = "Problema10", "Problema10\Problema10.csproj", "{A18E1C74-F630-494B-BC36-2DEBE6A194AC}"
EndProject
Project("{FAE04EC0-301F-11D3-BF4B-00C04F79EFBC}") = "Problema11", "Problema11\Problema11.csproj", "{2B9F483B-B8A3-439F-A995-1030189A3A88}"
EndProject
Project("{FAE04EC0-301F-11D3-BF4B-00C04F79EFBC}") = "Problema12", "Problema12\Problema12.csproj", "{C1DA8222-33DA-4958-B6F6-2E9B162AB9DE}"
EndProject
Project("{FAE04EC0-301F-11D3-BF4B-00C04F79EFBC}") = "Problema13", "Problema13\Problema13.csproj", "{A59E987C-F369-478E-8C50-D7E09D353297}"
EndProject
Project("{FAE04EC0-301F-11D3-BF4B-00C04F79EFBC}") = "Problema14", "Problema14\Problema14.csproj", "{27C86096-136A-4BA0-8435-E48EF3EADC3C}"
EndProject
Project("{FAE04EC0-301F-11D3-BF4B-00C04F79EFBC}") = "Problema15", "Problema15\Problema15.csproj", "{B7569D6D-5720-40F3-88AC-7FAE8FC0FDF9}"
EndProject
Project("{FAE04EC0-301F-11D3-BF4B-00C04F79EFBC}") = "Problema16", "Problema16\Problema16.csproj", "{D9317386-8B19-45A3-B5A6-476D561E987A}"
EndProject
Project("{FAE04EC0-301F-11D3-BF4B-00C04F79EFBC}") = "Problema17", "Problema17\Problema17.csproj", "{76B20A86-92C4-4FBD-A5B4-1DA083AA5A7A}"
EndProject
Project("{FAE04EC0-301F-11D3-BF4B-00C04F79EFBC}") = "Problema18", "Problema18\Problema18.csproj", "{EE4D4FA4-EC88-4F82-9DB0-1667643F1EC4}"
EndProject
Project("{FAE04EC0-301F-11D3-BF4B-00C04F79EFBC}") = "Problema19", "Problema19\Problema19.csproj", "{C8DABFD1-5F0F-434D-A27E-D3F734419313}"
EndProject
Project("{FAE04EC0-301F-11D3-BF4B-00C04F79EFBC}") = "Problema20", "Problema20\Problema20.csproj", "{38ADCA18-8D08-499A-90C1-10C88E4B55DD}"
EndProject
Project("{FAE04EC0-301F-11D3-BF4B-00C04F79EFBC}") = "Problema21", "Problema21\Problema21.csproj", "{2229C6B5-3099-4731-8F2A-5C7630D5826F}"
EndProject
Project("{FAE04EC0-301F-11D3-BF4B-00C04F79EFBC}") = "Problema22", "Problema22\Problema22.csproj", "{52A952B8-9BD8-410E-A3A6-FE9517B4F625}"
EndProject
Project("{FAE04EC0-301F-11D3-BF4B-00C04F79EFBC}") = "Problema23", "Problema23\Problema23.csproj", "{266625C1-2C63-4BCC-8431-470A60DEDBCE}"
EndProject
Project("{FAE04EC0-301F-11D3-BF4B-00C04F79EFBC}") = "Problema24", "Problema24\Problema24.csproj", "{67A68F21-09B4-4A43-B085-2415CA38004E}"
EndProject
Project("{FAE04EC0-301F-11D3-BF4B-00C04F79EFBC}") = "Problema25", "Problema25\Problema25.csproj", "{83BD17AA-5625-4247-AB69-59AA0CB33BF3}"
EndProject
Project("{FAE04EC0-301F-11D3-BF4B-00C04F79EFBC}") = "Problema26", "Problema26\Problema26.csproj", "{FFB9A3C8-0178-4162-91D2-861856F53D0F}"
EndProject
Project("{FAE04EC0-301F-11D3-BF4B-00C04F79EFBC}") = "Problema27", "Problema27\Problema27.csproj", "{715F0D36-811F-43CF-8884-6C8A79E56741}"
EndProject
Project("{FAE04EC0-301F-11D3-BF4B-00C04F79EFBC}") = "Problema28", "Problema28\Problema28.csproj", "{3FCE7CA2-B210-4419-AB28-3EEAA4530564}"
EndProject
Global
	GlobalSection(SolutionConfigurationPlatforms) = preSolution
		Debug|Any CPU = Debug|Any CPU
		Release|Any CPU = Release|Any CPU
	EndGlobalSection
	GlobalSection(ProjectConfigurationPlatforms) = postSolution
		{5271706B-366B-449C-8425-7EED647E894E}.Debug|Any CPU.ActiveCfg = Debug|Any CPU
		{5271706B-366B-449C-8425-7EED647E894E}.Debug|Any CPU.Build.0 = Debug|Any CPU
		{5271706B-366B-449C-8425-7EED647E894E}.Release|Any CPU.ActiveCfg = Release|Any CPU
		{5271706B-366B-449C-8425-7EED647E894E}.Release|Any CPU.Build.0 = Release|Any CPU
		{27CCA330-F6BE-4FB8-B826-A25ED7466AB2}.Debug|Any CPU.ActiveCfg = Debug|Any CPU
		{27CCA330-F6BE-4FB8-B826-A25ED7466AB2}.Debug|Any CPU.Build.0 = Debug|Any CPU
		{27CCA330-F6BE-4FB8-B826-A25ED7466AB2}.Release|Any CPU.ActiveCfg = Release|Any CPU
		{27CCA330-F6BE-4FB8-B826-A25ED7466AB2}.Release|Any CPU.Build.0 = Release|Any CPU
		{98931B70-685D-4404-8247-DB6797750E8B}.Debug|Any CPU.ActiveCfg = Debug|Any CPU
		{98931B70-685D-4404-8247-DB6797750E8B}.Debug|Any CPU.Build.0 = Debug|Any CPU
		{98931B70-685D-4404-8247-DB6797750E8B}.Release|Any CPU.ActiveCfg = Release|Any CPU
		{98931B70-685D-4404-8247-DB6797750E8B}.Release|Any CPU.Build.0 = Release|Any CPU
		{305BEEA9-385D-41D8-923A-6BE38C25A42F}.Debug|Any CPU.ActiveCfg = Debug|Any CPU
		{305BEEA9-385D-41D8-923A-6BE38C25A42F}.Debug|Any CPU.Build.0 = Debug|Any CPU
		{305BEEA9-385D-41D8-923A-6BE38C25A42F}.Release|Any CPU.ActiveCfg = Release|Any CPU
		{305BEEA9-385D-41D8-923A-6BE38C25A42F}.Release|Any CPU.Build.0 = Release|Any CPU
		{E2395B3C-66B3-44E7-99AB-BC5F2916E022}.Debug|Any CPU.ActiveCfg = Debug|Any CPU
		{E2395B3C-66B3-44E7-99AB-BC5F2916E022}.Debug|Any CPU.Build.0 = Debug|Any CPU
		{E2395B3C-66B3-44E7-99AB-BC5F2916E022}.Release|Any CPU.ActiveCfg = Release|Any CPU
		{E2395B3C-66B3-44E7-99AB-BC5F2916E022}.Release|Any CPU.Build.0 = Release|Any CPU
		{895F3FDD-6A2E-410F-9D04-5CE841F78069}.Debug|Any CPU.ActiveCfg = Debug|Any CPU
		{895F3FDD-6A2E-410F-9D04-5CE841F78069}.Debug|Any CPU.Build.0 = Debug|Any CPU
		{895F3FDD-6A2E-410F-9D04-5CE841F78069}.Release|Any CPU.ActiveCfg = Release|Any CPU
		{895F3FDD-6A2E-410F-9D04-5CE841F78069}.Release|Any CPU.Build.0 = Release|Any CPU
		{A8C29F87-C5BE-44F7-8661-ABE0A5ED96FD}.Debug|Any CPU.ActiveCfg = Debug|Any CPU
		{A8C29F87-C5BE-44F7-8661-ABE0A5ED96FD}.Debug|Any CPU.Build.0 = Debug|Any CPU
		{A8C29F87-C5BE-44F7-8661-ABE0A5ED96FD}.Release|Any CPU.ActiveCfg = Release|Any CPU
		{A8C29F87-C5BE-44F7-8661-ABE0A5ED96FD}.Release|Any CPU.Build.0 = Release|Any CPU
		{F7546F57-EF55-4643-A036-D662C799FD4F}.Debug|Any CPU.ActiveCfg = Debug|Any CPU
		{F7546F57-EF55-4643-A036-D662C799FD4F}.Debug|Any CPU.Build.0 = Debug|Any CPU
		{F7546F57-EF55-4643-A036-D662C799FD4F}.Release|Any CPU.ActiveCfg = Release|Any CPU
		{F7546F57-EF55-4643-A036-D662C799FD4F}.Release|Any CPU.Build.0 = Release|Any CPU
		{3FA55259-0745-4CDA-B3AA-C1041A5257BA}.Debug|Any CPU.ActiveCfg = Debug|Any CPU
		{3FA55259-0745-4CDA-B3AA-C1041A5257BA}.Debug|Any CPU.Build.0 = Debug|Any CPU
		{3FA55259-0745-4CDA-B3AA-C1041A5257BA}.Release|Any CPU.ActiveCfg = Release|Any CPU
		{3FA55259-0745-4CDA-B3AA-C1041A5257BA}.Release|Any CPU.Build.0 = Release|Any CPU
		{A18E1C74-F630-494B-BC36-2DEBE6A194AC}.Debug|Any CPU.ActiveCfg = Debug|Any CPU
		{A18E1C74-F630-494B-BC36-2DEBE6A194AC}.Debug|Any CPU.Build.0 = Debug|Any CPU
		{A18E1C74-F630-494B-BC36-2DEBE6A194AC}.Release|Any CPU.ActiveCfg = Release|Any CPU
		{A18E1C74-F630-494B-BC36-2DEBE6A194AC}.Release|Any CPU.Build.0 = Release|Any CPU
		{2B9F483B-B8A3-439F-A995-1030189A3A88}.Debug|Any CPU.ActiveCfg = Debug|Any CPU
		{2B9F483B-B8A3-439F-A995-1030189A3A88}.Debug|Any CPU.Build.0 = Debug|Any CPU
		{2B9F483B-B8A3-439F-A995-1030189A3A88}.Release|Any CPU.ActiveCfg = Release|Any CPU
		{2B9F483B-B8A3-439F-A995-1030189A3A88}.Release|Any CPU.Build.0 = Release|Any CPU
		{C1DA8222-33DA-4958-B6F6-2E9B162AB9DE}.Debug|Any CPU.ActiveCfg = Debug|Any CPU
		{C1DA8222-33DA-4958-B6F6-2E9B162AB9DE}.Debug|Any CPU.Build.0 = Debug|Any CPU
		{C1DA8222-33DA-4958-B6F6-2E9B162AB9DE}.Release|Any CPU.ActiveCfg = Release|Any CPU
		{C1DA8222-33DA-4958-B6F6-2E9B162AB9DE}.Release|Any CPU.Build.0 = Release|Any CPU
		{A59E987C-F369-478E-8C50-D7E09D353297}.Debug|Any CPU.ActiveCfg = Debug|Any CPU
		{A59E987C-F369-478E-8C50-D7E09D353297}.Debug|Any CPU.Build.0 = Debug|Any CPU
		{A59E987C-F369-478E-8C50-D7E09D353297}.Release|Any CPU.ActiveCfg = Release|Any CPU
		{A59E987C-F369-478E-8C50-D7E09D353297}.Release|Any CPU.Build.0 = Release|Any CPU
		{27C86096-136A-4BA0-8435-E48EF3EADC3C}.Debug|Any CPU.ActiveCfg = Debug|Any CPU
		{27C86096-136A-4BA0-8435-E48EF3EADC3C}.Debug|Any CPU.Build.0 = Debug|Any CPU
		{27C86096-136A-4BA0-8435-E48EF3EADC3C}.Release|Any CPU.ActiveCfg = Release|Any CPU
		{27C86096-136A-4BA0-8435-E48EF3EADC3C}.Release|Any CPU.Build.0 = Release|Any CPU
		{B7569D6D-5720-40F3-88AC-7FAE8FC0FDF9}.Debug|Any CPU.ActiveCfg = Debug|Any CPU
		{B7569D6D-5720-40F3-88AC-7FAE8FC0FDF9}.Debug|Any CPU.Build.0 = Debug|Any CPU
		{B7569D6D-5720-40F3-88AC-7FAE8FC0FDF9}.Release|Any CPU.ActiveCfg = Release|Any CPU
		{B7569D6D-5720-40F3-88AC-7FAE8FC0FDF9}.Release|Any CPU.Build.0 = Release|Any CPU
		{D9317386-8B19-45A3-B5A6-476D561E987A}.Debug|Any CPU.ActiveCfg = Debug|Any CPU
		{D9317386-8B19-45A3-B5A6-476D561E987A}.Debug|Any CPU.Build.0 = Debug|Any CPU
		{D9317386-8B19-45A3-B5A6-476D561E987A}.Release|Any CPU.ActiveCfg = Release|Any CPU
		{D9317386-8B19-45A3-B5A6-476D561E987A}.Release|Any CPU.Build.0 = Release|Any CPU
		{76B20A86-92C4-4FBD-A5B4-1DA083AA5A7A}.Debug|Any CPU.ActiveCfg = Debug|Any CPU
		{76B20A86-92C4-4FBD-A5B4-1DA083AA5A7A}.Debug|Any CPU.Build.0 = Debug|Any CPU
		{76B20A86-92C4-4FBD-A5B4-1DA083AA5A7A}.Release|Any CPU.ActiveCfg = Release|Any CPU
		{76B20A86-92C4-4FBD-A5B4-1DA083AA5A7A}.Release|Any CPU.Build.0 = Release|Any CPU
		{EE4D4FA4-EC88-4F82-9DB0-1667643F1EC4}.Debug|Any CPU.ActiveCfg = Debug|Any CPU
		{EE4D4FA4-EC88-4F82-9DB0-1667643F1EC4}.Debug|Any CPU.Build.0 = Debug|Any CPU
		{EE4D4FA4-EC88-4F82-9DB0-1667643F1EC4}.Release|Any CPU.ActiveCfg = Release|Any CPU
		{EE4D4FA4-EC88-4F82-9DB0-1667643F1EC4}.Release|Any CPU.Build.0 = Release|Any CPU
		{C8DABFD1-5F0F-434D-A27E-D3F734419313}.Debug|Any CPU.ActiveCfg = Debug|Any CPU
		{C8DABFD1-5F0F-434D-A27E-D3F734419313}.Debug|Any CPU.Build.0 = Debug|Any CPU
		{C8DABFD1-5F0F-434D-A27E-D3F734419313}.Release|Any CPU.ActiveCfg = Release|Any CPU
		{C8DABFD1-5F0F-434D-A27E-D3F734419313}.Release|Any CPU.Build.0 = Release|Any CPU
		{38ADCA18-8D08-499A-90C1-10C88E4B55DD}.Debug|Any CPU.ActiveCfg = Debug|Any CPU
		{38ADCA18-8D08-499A-90C1-10C88E4B55DD}.Debug|Any CPU.Build.0 = Debug|Any CPU
		{38ADCA18-8D08-499A-90C1-10C88E4B55DD}.Release|Any CPU.ActiveCfg = Release|Any CPU
		{38ADCA18-8D08-499A-90C1-10C88E4B55DD}.Release|Any CPU.Build.0 = Release|Any CPU
		{2229C6B5-3099-4731-8F2A-5C7630D5826F}.Debug|Any CPU.ActiveCfg = Debug|Any CPU
		{2229C6B5-3099-4731-8F2A-5C7630D5826F}.Debug|Any CPU.Build.0 = Debug|Any CPU
		{2229C6B5-3099-4731-8F2A-5C7630D5826F}.Release|Any CPU.ActiveCfg = Release|Any CPU
		{2229C6B5-3099-4731-8F2A-5C7630D5826F}.Release|Any CPU.Build.0 = Release|Any CPU
		{52A952B8-9BD8-410E-A3A6-FE9517B4F625}.Debug|Any CPU.ActiveCfg = Debug|Any CPU
		{52A952B8-9BD8-410E-A3A6-FE9517B4F625}.Debug|Any CPU.Build.0 = Debug|Any CPU
		{52A952B8-9BD8-410E-A3A6-FE9517B4F625}.Release|Any CPU.ActiveCfg = Release|Any CPU
		{52A952B8-9BD8-410E-A3A6-FE9517B4F625}.Release|Any CPU.Build.0 = Release|Any CPU
		{266625C1-2C63-4BCC-8431-470A60DEDBCE}.Debug|Any CPU.ActiveCfg = Debug|Any CPU
		{266625C1-2C63-4BCC-8431-470A60DEDBCE}.Debug|Any CPU.Build.0 = Debug|Any CPU
		{266625C1-2C63-4BCC-8431-470A60DEDBCE}.Release|Any CPU.ActiveCfg = Release|Any CPU
		{266625C1-2C63-4BCC-8431-470A60DEDBCE}.Release|Any CPU.Build.0 = Release|Any CPU
		{67A68F21-09B4-4A43-B085-2415CA38004E}.Debug|Any CPU.ActiveCfg = Debug|Any CPU
		{67A68F21-09B4-4A43-B085-2415CA38004E}.Debug|Any CPU.Build.0 = Debug|Any CPU
		{67A68F21-09B4-4A43-B085-2415CA38004E}.Release|Any CPU.ActiveCfg = Release|Any CPU
		{67A68F21-09B4-4A43-B085-2415CA38004E}.Release|Any CPU.Build.0 = Release|Any CPU
		{83BD17AA-5625-4247-AB69-59AA0CB33BF3}.Debug|Any CPU.ActiveCfg = Debug|Any CPU
		{83BD17AA-5625-4247-AB69-59AA0CB33BF3}.Debug|Any CPU.Build.0 = Debug|Any CPU
		{83BD17AA-5625-4247-AB69-59AA0CB33BF3}.Release|Any CPU.ActiveCfg = Release|Any CPU
		{83BD17AA-5625-4247-AB69-59AA0CB33BF3}.Release|Any CPU.Build.0 = Release|Any CPU
		{FFB9A3C8-0178-4162-91D2-861856F53D0F}.Debug|Any CPU.ActiveCfg = Debug|Any CPU
		{FFB9A3C8-0178-4162-91D2-861856F53D0F}.Debug|Any CPU.Build.0 = Debug|Any CPU
		{FFB9A3C8-0178-4162-91D2-861856F53D0F}.Release|Any CPU.ActiveCfg = Release|Any CPU
		{FFB9A3C8-0178-4162-91D2-861856F53D0F}.Release|Any CPU.Build.0 = Release|Any CPU
		{715F0D36-811F-43CF-8884-6C8A79E56741}.Debug|Any CPU.ActiveCfg = Debug|Any CPU
		{715F0D36-811F-43CF-8884-6C8A79E56741}.Debug|Any CPU.Build.0 = Debug|Any CPU
		{715F0D36-811F-43CF-8884-6C8A79E56741}.Release|Any CPU.ActiveCfg = Release|Any CPU
		{715F0D36-811F-43CF-8884-6C8A79E56741}.Release|Any CPU.Build.0 = Release|Any CPU
		{3FCE7CA2-B210-4419-AB28-3EEAA4530564}.Debug|Any CPU.ActiveCfg = Debug|Any CPU
		{3FCE7CA2-B210-4419-AB28-3EEAA4530564}.Debug|Any CPU.Build.0 = Debug|Any CPU
		{3FCE7CA2-B210-4419-AB28-3EEAA4530564}.Release|Any CPU.ActiveCfg = Release|Any CPU
		{3FCE7CA2-B210-4419-AB28-3EEAA4530564}.Release|Any CPU.Build.0 = Release|Any CPU
	EndGlobalSection
	GlobalSection(SolutionProperties) = preSolution
		HideSolutionNode = FALSE
	EndGlobalSection
	GlobalSection(ExtensibilityGlobals) = postSolution
		SolutionGuid = {A769656A-58B3-494D-88DB-69F8C364E366}
	EndGlobalSection
EndGlobal
